
Microsoft Visual Studio Solution File, Format Version 12.00
# Visual Studio 15
VisualStudioVersion = 15.0.28010.2041
MinimumVisualStudioVersion = 10.0.40219.1
Project("{FAE04EC0-301F-11D3-BF4B-00C04F79EFBC}") = "MCON-368_Asgn05", "MCON-152_Asgn05\MCON-368_Asgn05.csproj", "{EDB2F50C-E92B-40D3-BEEA-F4129CE3C389}"
EndProject
Global
	GlobalSection(SolutionConfigurationPlatforms) = preSolution
		Debug|Any CPU = Debug|Any CPU
		Release|Any CPU = Release|Any CPU
	EndGlobalSection
	GlobalSection(ProjectConfigurationPlatforms) = postSolution
		{EDB2F50C-E92B-40D3-BEEA-F4129CE3C389}.Debug|Any CPU.ActiveCfg = Debug|Any CPU
		{EDB2F50C-E92B-40D3-BEEA-F4129CE3C389}.Debug|Any CPU.Build.0 = Debug|Any CPU
		{EDB2F50C-E92B-40D3-BEEA-F4129CE3C389}.Release|Any CPU.ActiveCfg = Release|Any CPU
		{EDB2F50C-E92B-40D3-BEEA-F4129CE3C389}.Release|Any CPU.Build.0 = Release|Any CPU
	EndGlobalSection
	GlobalSection(SolutionProperties) = preSolution
		HideSolutionNode = FALSE
	EndGlobalSection
	GlobalSection(ExtensibilityGlobals) = postSolution
		SolutionGuid = {0EFB8586-2490-4E70-BBA2-0BA842C127A4}
	EndGlobalSection
EndGlobal
